{
  "version": 4,
  "terraform_version": "1.5.7",
  "serial": 3,
  "lineage": "1424dfc8-a693-e244-d6c6-fab518545982",
  "outputs": {},
  "resources": [
    {
      "mode": "managed",
      "type": "aws_iam_user",
      "name": "demo",
      "provider": "provider[\"registry.terraform.io/hashicorp/aws\"]",
      "instances": [
        {
          "schema_version": 0,
          "attributes": {
            "arn": "arn:aws:iam::343218219153:user/terraform-function-demo-user",
            "force_destroy": false,
            "id": "terraform-function-demo-user",
            "name": "terraform-function-demo-user",
            "path": "/",
            "permissions_boundary": "",
            "tags": null,
            "tags_all": {},
            "unique_id": "AIDAU72LGNCIYEAGQDVOI"
          },
          "sensitive_attributes": [],
          "private": "bnVsbA=="
        }
      ]
    },
    {
      "mode": "managed",
      "type": "aws_iam_user_policy",
      "name": "demo_policy",
      "provider": "provider[\"registry.terraform.io/hashicorp/aws\"]",
      "instances": [
        {
          "schema_version": 0,
          "attributes": {
            "id": "terraform-function-demo-user:demo-policy",
            "name": "demo-policy",
            "name_prefix": "",
            "policy": "{\"Version\":\"2012-10-17\",\"Statement\":[{\"Action\":[\"ec2:Describe*\",\"s3:ListAllMyBuckets\"],\"Effect\":\"Allow\",\"Resource\":\"*\"}]}",
            "user": "terraform-function-demo-user"
          },
          "sensitive_attributes": [],
          "private": "bnVsbA==",
          "dependencies": [
            "aws_iam_user.demo"
          ]
        }
      ]
    }
  ],
  "check_results": null
}
