{
  "version": 4,
  "terraform_version": "1.5.7",
  "serial": 2,
  "lineage": "5da823c1-4f66-3241-3a36-9c1cd81458f3",
  "outputs": {
    "subnet_id": {
      "value": "public_subnet-123",
      "type": "string"
    }
  },
  "resources": [
    {
      "mode": "managed",
      "type": "local_file",
      "name": "platform",
      "provider": "provider[\"registry.terraform.io/hashicorp/local\"]",
      "instances": [
        {
          "schema_version": 0,
          "attributes": {
            "content": "subnet_id=subnet-123\n",
            "content_base64": null,
            "content_base64sha256": "QFdOW6HVv+enlkGBRIUFHm0D5wzglcNb9cSSFdMaySw=",
            "content_base64sha512": "p6IXYMyAWAsaRfIebZxYztmiCF5lvh9y+yeGzeBw6LrA/fJ/4dydfYJnZq/gBMw8gZAEsY8l/vLwUBIJ9LouAw==",
            "content_md5": "e82bbfaa374809773d067a9d4a9272e2",
            "content_sha1": "20f46527e66983a4fea27f4a8152ae41405c6b3a",
            "content_sha256": "40574e5ba1d5bfe7a79641814485051e6d03e70ce095c35bf5c49215d31ac92c",
            "content_sha512": "a7a21760cc80580b1a45f21e6d9c58ced9a2085e65be1f72fb2786cde070e8bac0fdf27fe1dc9d7d826766afe004cc3c819004b18f25fef2f0501209f4ba2e03",
            "directory_permission": "0777",
            "file_permission": "0777",
            "filename": "./platform.txt",
            "id": "20f46527e66983a4fea27f4a8152ae41405c6b3a",
            "sensitive_content": null,
            "source": null
          },
          "sensitive_attributes": []
        }
      ]
    }
  ],
  "check_results": null
}
